
Microsoft Visual Studio Solution File, Format Version 12.00
# Visual Studio Version 17
VisualStudioVersion = 17.4.33213.308
MinimumVisualStudioVersion = 10.0.40219.1
Project("{FAE04EC0-301F-11D3-BF4B-00C04F79EFBC}") = "T01. Unique Usernames", "T01. Unique Usernames\T01. Unique Usernames.csproj", "{552DC601-F425-475A-ACCA-82954AB1BE07}"
EndProject
Project("{FAE04EC0-301F-11D3-BF4B-00C04F79EFBC}") = "T02. Sets of Elements", "T02. Sets of Elements\T02. Sets of Elements.csproj", "{A2F1DD12-5DCA-4231-A1DA-364CB3BB1B7A}"
EndProject
Project("{FAE04EC0-301F-11D3-BF4B-00C04F79EFBC}") = "T03. Periodic Table", "T03. Periodic Table\T03. Periodic Table.csproj", "{27FCD49C-FED8-4DEF-AD76-01431C696A0B}"
EndProject
Global
	GlobalSection(SolutionConfigurationPlatforms) = preSolution
		Debug|Any CPU = Debug|Any CPU
		Release|Any CPU = Release|Any CPU
	EndGlobalSection
	GlobalSection(ProjectConfigurationPlatforms) = postSolution
		{552DC601-F425-475A-ACCA-82954AB1BE07}.Debug|Any CPU.ActiveCfg = Debug|Any CPU
		{552DC601-F425-475A-ACCA-82954AB1BE07}.Debug|Any CPU.Build.0 = Debug|Any CPU
		{552DC601-F425-475A-ACCA-82954AB1BE07}.Release|Any CPU.ActiveCfg = Release|Any CPU
		{552DC601-F425-475A-ACCA-82954AB1BE07}.Release|Any CPU.Build.0 = Release|Any CPU
		{A2F1DD12-5DCA-4231-A1DA-364CB3BB1B7A}.Debug|Any CPU.ActiveCfg = Debug|Any CPU
		{A2F1DD12-5DCA-4231-A1DA-364CB3BB1B7A}.Debug|Any CPU.Build.0 = Debug|Any CPU
		{A2F1DD12-5DCA-4231-A1DA-364CB3BB1B7A}.Release|Any CPU.ActiveCfg = Release|Any CPU
		{A2F1DD12-5DCA-4231-A1DA-364CB3BB1B7A}.Release|Any CPU.Build.0 = Release|Any CPU
		{27FCD49C-FED8-4DEF-AD76-01431C696A0B}.Debug|Any CPU.ActiveCfg = Debug|Any CPU
		{27FCD49C-FED8-4DEF-AD76-01431C696A0B}.Debug|Any CPU.Build.0 = Debug|Any CPU
		{27FCD49C-FED8-4DEF-AD76-01431C696A0B}.Release|Any CPU.ActiveCfg = Release|Any CPU
		{27FCD49C-FED8-4DEF-AD76-01431C696A0B}.Release|Any CPU.Build.0 = Release|Any CPU
	EndGlobalSection
	GlobalSection(SolutionProperties) = preSolution
		HideSolutionNode = FALSE
	EndGlobalSection
	GlobalSection(ExtensibilityGlobals) = postSolution
		SolutionGuid = {AE0AB8E8-C6F8-4337-8B71-9D4CF2F3A650}
	EndGlobalSection
EndGlobal
